
Microsoft Visual Studio Solution File, Format Version 12.00
# Visual Studio Version 17
VisualStudioVersion = 17.10.34916.146
MinimumVisualStudioVersion = 10.0.40219.1
Project("{FAE04EC0-301F-11D3-BF4B-00C04F79EFBC}") = "BootstrapSample", "BootstrapSample\BootstrapSample.csproj", "{C992DFBA-1D41-49A9-9FA0-CA2F094AB19E}"
EndProject
Project("{FAE04EC0-301F-11D3-BF4B-00C04F79EFBC}") = "BootstrapEmptyProject", "BootstrapEmptyProject\BootstrapEmptyProject.csproj", "{6F0C1651-BB55-432D-9343-3A1FCBC7A4C3}"
EndProject
Global
	GlobalSection(SolutionConfigurationPlatforms) = preSolution
		Debug|Any CPU = Debug|Any CPU
		Release|Any CPU = Release|Any CPU
	EndGlobalSection
	GlobalSection(ProjectConfigurationPlatforms) = postSolution
		{C992DFBA-1D41-49A9-9FA0-CA2F094AB19E}.Debug|Any CPU.ActiveCfg = Debug|Any CPU
		{C992DFBA-1D41-49A9-9FA0-CA2F094AB19E}.Debug|Any CPU.Build.0 = Debug|Any CPU
		{C992DFBA-1D41-49A9-9FA0-CA2F094AB19E}.Release|Any CPU.ActiveCfg = Release|Any CPU
		{C992DFBA-1D41-49A9-9FA0-CA2F094AB19E}.Release|Any CPU.Build.0 = Release|Any CPU
		{6F0C1651-BB55-432D-9343-3A1FCBC7A4C3}.Debug|Any CPU.ActiveCfg = Debug|Any CPU
		{6F0C1651-BB55-432D-9343-3A1FCBC7A4C3}.Debug|Any CPU.Build.0 = Debug|Any CPU
		{6F0C1651-BB55-432D-9343-3A1FCBC7A4C3}.Release|Any CPU.ActiveCfg = Release|Any CPU
		{6F0C1651-BB55-432D-9343-3A1FCBC7A4C3}.Release|Any CPU.Build.0 = Release|Any CPU
	EndGlobalSection
	GlobalSection(SolutionProperties) = preSolution
		HideSolutionNode = FALSE
	EndGlobalSection
	GlobalSection(ExtensibilityGlobals) = postSolution
		SolutionGuid = {1222953F-EC19-44D4-962F-758C61AD3105}
	EndGlobalSection
EndGlobal
